
Microsoft Visual Studio Solution File, Format Version 12.00
# Visual Studio Version 17
VisualStudioVersion = 17.0.32126.317
MinimumVisualStudioVersion = 10.0.40219.1
Project("{2150E333-8FDC-42A3-9474-1A3956D46DE8}") = "FrontEnd", "FrontEnd", "{73D2B0D7-2C91-401C-8B98-5C97A8742265}"
EndProject
Project("{2150E333-8FDC-42A3-9474-1A3956D46DE8}") = "Services", "Services", "{DF7C5736-6895-4D47-8A67-5C1550D8C6E4}"
EndProject
Project("{FAE04EC0-301F-11D3-BF4B-00C04F79EFBC}") = "MicrosWPSShopping.Web", "MicrosWPSShopping.Web\MicrosWPSShopping.Web.csproj", "{0E04C087-896F-4526-9BEB-DA72D11F6AF5}"
EndProject
Project("{FAE04EC0-301F-11D3-BF4B-00C04F79EFBC}") = "MicrosWPSShopping.ProductApi", "MicrosWPSShopping.ProductApi\MicrosWPSShopping.ProductApi.csproj", "{7A3B8480-8FE9-4889-A929-5CBD42A52F2F}"
EndProject
Global
	GlobalSection(SolutionConfigurationPlatforms) = preSolution
		Debug|Any CPU = Debug|Any CPU
		Release|Any CPU = Release|Any CPU
	EndGlobalSection
	GlobalSection(ProjectConfigurationPlatforms) = postSolution
		{0E04C087-896F-4526-9BEB-DA72D11F6AF5}.Debug|Any CPU.ActiveCfg = Debug|Any CPU
		{0E04C087-896F-4526-9BEB-DA72D11F6AF5}.Debug|Any CPU.Build.0 = Debug|Any CPU
		{0E04C087-896F-4526-9BEB-DA72D11F6AF5}.Release|Any CPU.ActiveCfg = Release|Any CPU
		{0E04C087-896F-4526-9BEB-DA72D11F6AF5}.Release|Any CPU.Build.0 = Release|Any CPU
		{7A3B8480-8FE9-4889-A929-5CBD42A52F2F}.Debug|Any CPU.ActiveCfg = Debug|Any CPU
		{7A3B8480-8FE9-4889-A929-5CBD42A52F2F}.Debug|Any CPU.Build.0 = Debug|Any CPU
		{7A3B8480-8FE9-4889-A929-5CBD42A52F2F}.Release|Any CPU.ActiveCfg = Release|Any CPU
		{7A3B8480-8FE9-4889-A929-5CBD42A52F2F}.Release|Any CPU.Build.0 = Release|Any CPU
	EndGlobalSection
	GlobalSection(SolutionProperties) = preSolution
		HideSolutionNode = FALSE
	EndGlobalSection
	GlobalSection(NestedProjects) = preSolution
		{0E04C087-896F-4526-9BEB-DA72D11F6AF5} = {73D2B0D7-2C91-401C-8B98-5C97A8742265}
		{7A3B8480-8FE9-4889-A929-5CBD42A52F2F} = {DF7C5736-6895-4D47-8A67-5C1550D8C6E4}
	EndGlobalSection
	GlobalSection(ExtensibilityGlobals) = postSolution
		SolutionGuid = {4F13C539-0F89-44BC-8572-43C8759A1A56}
	EndGlobalSection
EndGlobal
